
Microsoft Visual Studio Solution File, Format Version 12.00
# Visual Studio 15
VisualStudioVersion = 15.0.27130.2020
MinimumVisualStudioVersion = 10.0.40219.1
Project("{F184B08F-C81C-45F6-A57F-5ABD9991F28F}") = "FO76NukeDecrypter", "FO76NukeDecrypter\FO76NukeDecrypter.vbproj", "{F4E8DE60-0663-4D04-97F1-96203D273ED8}"
EndProject
Project("{F184B08F-C81C-45F6-A57F-5ABD9991F28F}") = "WordListPreProcessor", "WordListPreProcessor\WordListPreProcessor.vbproj", "{E6B3264E-352B-4D50-9255-031733053DB8}"
EndProject
Project("{F184B08F-C81C-45F6-A57F-5ABD9991F28F}") = "CommonClasses", "CommonClasses\CommonClasses.vbproj", "{E3EA826C-DF7A-47A2-94F1-D0BE818F16B7}"
EndProject
Global
	GlobalSection(SolutionConfigurationPlatforms) = preSolution
		Debug|Any CPU = Debug|Any CPU
		Release|Any CPU = Release|Any CPU
	EndGlobalSection
	GlobalSection(ProjectConfigurationPlatforms) = postSolution
		{F4E8DE60-0663-4D04-97F1-96203D273ED8}.Debug|Any CPU.ActiveCfg = Debug|Any CPU
		{F4E8DE60-0663-4D04-97F1-96203D273ED8}.Debug|Any CPU.Build.0 = Debug|Any CPU
		{F4E8DE60-0663-4D04-97F1-96203D273ED8}.Release|Any CPU.ActiveCfg = Release|Any CPU
		{F4E8DE60-0663-4D04-97F1-96203D273ED8}.Release|Any CPU.Build.0 = Release|Any CPU
		{E6B3264E-352B-4D50-9255-031733053DB8}.Debug|Any CPU.ActiveCfg = Debug|Any CPU
		{E6B3264E-352B-4D50-9255-031733053DB8}.Debug|Any CPU.Build.0 = Debug|Any CPU
		{E6B3264E-352B-4D50-9255-031733053DB8}.Release|Any CPU.ActiveCfg = Release|Any CPU
		{E6B3264E-352B-4D50-9255-031733053DB8}.Release|Any CPU.Build.0 = Release|Any CPU
		{E3EA826C-DF7A-47A2-94F1-D0BE818F16B7}.Debug|Any CPU.ActiveCfg = Debug|Any CPU
		{E3EA826C-DF7A-47A2-94F1-D0BE818F16B7}.Debug|Any CPU.Build.0 = Debug|Any CPU
		{E3EA826C-DF7A-47A2-94F1-D0BE818F16B7}.Release|Any CPU.ActiveCfg = Release|Any CPU
		{E3EA826C-DF7A-47A2-94F1-D0BE818F16B7}.Release|Any CPU.Build.0 = Release|Any CPU
	EndGlobalSection
	GlobalSection(SolutionProperties) = preSolution
		HideSolutionNode = FALSE
	EndGlobalSection
	GlobalSection(ExtensibilityGlobals) = postSolution
		SolutionGuid = {23C04E16-CFF1-421E-BFC2-EDC7BD9B6F15}
	EndGlobalSection
EndGlobal
